
Microsoft Visual Studio Solution File, Format Version 12.00
# Visual Studio Version 17
VisualStudioVersion = 17.13.35919.96
MinimumVisualStudioVersion = 10.0.40219.1
Project("{FAE04EC0-301F-11D3-BF4B-00C04F79EFBC}") = "WidgetBoard", "WidgetBoard\WidgetBoard.csproj", "{7C4D9AD9-6D41-4C5D-9310-05690409A615}"
EndProject
Project("{FAE04EC0-301F-11D3-BF4B-00C04F79EFBC}") = "WidgetBoard.Tests", "WidgetBoard.Tests\WidgetBoard.Tests.csproj", "{030B7C67-A252-430B-AB7D-9FB8F455DEDB}"
EndProject
Project("{FAE04EC0-301F-11D3-BF4B-00C04F79EFBC}") = "WidgetBoard.AutomationTests", "WidgetBoard.AutomationTests\WidgetBoard.AutomationTests.csproj", "{584F624D-114A-4E9F-B213-223B937899A2}"
EndProject
Project("{FAE04EC0-301F-11D3-BF4B-00C04F79EFBC}") = "WidgetBoard.DeviceTests", "WidgetBoard.DeviceTests\WidgetBoard.DeviceTests.csproj", "{2FAFC4D7-EB34-C60E-F428-5B8C73024AFE}"
EndProject
Project("{FAE04EC0-301F-11D3-BF4B-00C04F79EFBC}") = "WidgetBoard.SnapshotTests", "WidgetBoard.SnapshotTests\WidgetBoard.SnapshotTests.csproj", "{DB7561F8-00C3-3E25-AA7D-712F81C09977}"
EndProject
Project("{2150E333-8FDC-42A3-9474-1A3956D46DE8}") = "Solution Items", "Solution Items", "{8EC462FD-D22E-90A8-E5CE-7E832BA40C5D}"
	ProjectSection(SolutionItems) = preProject
		README.md = README.md
	EndProjectSection
EndProject
Global
	GlobalSection(SolutionConfigurationPlatforms) = preSolution
		Debug|Any CPU = Debug|Any CPU
		Release|Any CPU = Release|Any CPU
	EndGlobalSection
	GlobalSection(ProjectConfigurationPlatforms) = postSolution
		{7C4D9AD9-6D41-4C5D-9310-05690409A615}.Debug|Any CPU.ActiveCfg = Debug|Any CPU
		{7C4D9AD9-6D41-4C5D-9310-05690409A615}.Debug|Any CPU.Build.0 = Debug|Any CPU
		{7C4D9AD9-6D41-4C5D-9310-05690409A615}.Debug|Any CPU.Deploy.0 = Debug|Any CPU
		{7C4D9AD9-6D41-4C5D-9310-05690409A615}.Release|Any CPU.ActiveCfg = Release|Any CPU
		{7C4D9AD9-6D41-4C5D-9310-05690409A615}.Release|Any CPU.Build.0 = Release|Any CPU
		{030B7C67-A252-430B-AB7D-9FB8F455DEDB}.Debug|Any CPU.ActiveCfg = Debug|Any CPU
		{030B7C67-A252-430B-AB7D-9FB8F455DEDB}.Debug|Any CPU.Build.0 = Debug|Any CPU
		{030B7C67-A252-430B-AB7D-9FB8F455DEDB}.Release|Any CPU.ActiveCfg = Release|Any CPU
		{030B7C67-A252-430B-AB7D-9FB8F455DEDB}.Release|Any CPU.Build.0 = Release|Any CPU
		{584F624D-114A-4E9F-B213-223B937899A2}.Debug|Any CPU.ActiveCfg = Debug|Any CPU
		{584F624D-114A-4E9F-B213-223B937899A2}.Debug|Any CPU.Build.0 = Debug|Any CPU
		{584F624D-114A-4E9F-B213-223B937899A2}.Release|Any CPU.ActiveCfg = Release|Any CPU
		{584F624D-114A-4E9F-B213-223B937899A2}.Release|Any CPU.Build.0 = Release|Any CPU
		{2FAFC4D7-EB34-C60E-F428-5B8C73024AFE}.Debug|Any CPU.ActiveCfg = Debug|Any CPU
		{2FAFC4D7-EB34-C60E-F428-5B8C73024AFE}.Debug|Any CPU.Build.0 = Debug|Any CPU
		{2FAFC4D7-EB34-C60E-F428-5B8C73024AFE}.Debug|Any CPU.Deploy.0 = Debug|Any CPU
		{2FAFC4D7-EB34-C60E-F428-5B8C73024AFE}.Release|Any CPU.ActiveCfg = Release|Any CPU
		{2FAFC4D7-EB34-C60E-F428-5B8C73024AFE}.Release|Any CPU.Build.0 = Release|Any CPU
		{DB7561F8-00C3-3E25-AA7D-712F81C09977}.Debug|Any CPU.ActiveCfg = Debug|Any CPU
		{DB7561F8-00C3-3E25-AA7D-712F81C09977}.Debug|Any CPU.Build.0 = Debug|Any CPU
		{DB7561F8-00C3-3E25-AA7D-712F81C09977}.Release|Any CPU.ActiveCfg = Release|Any CPU
		{DB7561F8-00C3-3E25-AA7D-712F81C09977}.Release|Any CPU.Build.0 = Release|Any CPU
	EndGlobalSection
	GlobalSection(SolutionProperties) = preSolution
		HideSolutionNode = FALSE
	EndGlobalSection
	GlobalSection(ExtensibilityGlobals) = postSolution
		SolutionGuid = {13775FC7-4D3F-442C-802A-FDCEF872D3CD}
	EndGlobalSection
EndGlobal
